PODS:
  - MVVMR (0.1.0)
  - Nimble (7.3.4)
  - Quick (1.2.0)
  - SimpleTwoWayBinding (0.0.5)

DEPENDENCIES:
  - MVVMR (from `../`)
  - Nimble (~> 7.0)
  - Quick (~> 1.2.0)
  - SimpleTwoWayBinding (from `https://github.com/alinradut/SimpleTwoWayBindingIOS.git`)

SPEC REPOS:
  trunk:
    - Nimble
    - Quick

EXTERNAL SOURCES:
  MVVMR:
    :path: "../"
  SimpleTwoWayBinding:
    :git: https://github.com/alinradut/SimpleTwoWayBindingIOS.git

CHECKOUT OPTIONS:
  SimpleTwoWayBinding:
    :commit: e257d0d841b4f2fc0e9b67acb38ac41058c144ba
    :git: https://github.com/alinradut/SimpleTwoWayBindingIOS.git

SPEC CHECKSUMS:
  MVVMR: 9a2584f83f136be0e7a4a2c2c013ec0a636f7a98
  Nimble: 051e3d8912d40138fa5591c78594f95fb172af37
  Quick: 58d203b1c5e27fff7229c4c1ae445ad7069a7a08
  SimpleTwoWayBinding: 3d3f60668ac149de29df5e954f919b8825511478

PODFILE CHECKSUM: e4b15dafafa397355a057471171017d8146a27e0

COCOAPODS: 1.9.1
